
Microsoft Visual Studio Solution File, Format Version 12.00
# Visual Studio Version 16
VisualStudioVersion = 16.0.31729.503
MinimumVisualStudioVersion = 10.0.40219.1
Project("{8BC9CEB8-8B4A-11D0-8D11-00A0C91BC942}") = "Battleship with Logic", "Battleship\Battleship.vcxproj", "{5BB1681D-F0E7-40D7-9425-1EAB2B2B41CE}"
EndProject
Global
	GlobalSection(SolutionConfigurationPlatforms) = preSolution
		Debug|x64 = Debug|x64
		Release|x64 = Release|x64
	EndGlobalSection
	GlobalSection(ProjectConfigurationPlatforms) = postSolution
		{5BB1681D-F0E7-40D7-9425-1EAB2B2B41CE}.Debug|x64.ActiveCfg = Debug|x64
		{5BB1681D-F0E7-40D7-9425-1EAB2B2B41CE}.Debug|x64.Build.0 = Debug|x64
		{5BB1681D-F0E7-40D7-9425-1EAB2B2B41CE}.Release|x64.ActiveCfg = Release|x64
		{5BB1681D-F0E7-40D7-9425-1EAB2B2B41CE}.Release|x64.Build.0 = Release|x64
	EndGlobalSection
	GlobalSection(SolutionProperties) = preSolution
		HideSolutionNode = FALSE
	EndGlobalSection
	GlobalSection(ExtensibilityGlobals) = postSolution
		SolutionGuid = {96BA067D-33DE-4A5D-A22E-A309621FE2EA}
	EndGlobalSection
EndGlobal
